
Microsoft Visual Studio Solution File, Format Version 12.00
# Visual Studio Version 16
VisualStudioVersion = 16.0.30717.126
MinimumVisualStudioVersion = 10.0.40219.1
Project("{FAE04EC0-301F-11D3-BF4B-00C04F79EFBC}") = "CustomFS", "CustomFS.csproj", "{F4F3DE8D-389B-4121-B1CD-C5726A71BEBF}"
EndProject
Global
	GlobalSection(SolutionConfigurationPlatforms) = preSolution
		Debug|Any CPU = Debug|Any CPU
		Release|Any CPU = Release|Any CPU
	EndGlobalSection
	GlobalSection(ProjectConfigurationPlatforms) = postSolution
		{F4F3DE8D-389B-4121-B1CD-C5726A71BEBF}.Debug|Any CPU.ActiveCfg = Debug|Any CPU
		{F4F3DE8D-389B-4121-B1CD-C5726A71BEBF}.Debug|Any CPU.Build.0 = Debug|Any CPU
		{F4F3DE8D-389B-4121-B1CD-C5726A71BEBF}.Release|Any CPU.ActiveCfg = Release|Any CPU
		{F4F3DE8D-389B-4121-B1CD-C5726A71BEBF}.Release|Any CPU.Build.0 = Release|Any CPU
	EndGlobalSection
	GlobalSection(SolutionProperties) = preSolution
		HideSolutionNode = FALSE
	EndGlobalSection
	GlobalSection(ExtensibilityGlobals) = postSolution
		SolutionGuid = {CC8987C8-9011-428B-8074-893DC5ABB518}
	EndGlobalSection
EndGlobal
